
Microsoft Visual Studio Solution File, Format Version 12.00
# Visual Studio 2012
Project("{FAE04EC0-301F-11D3-BF4B-00C04F79EFBC}") = "Alterity", "Alterity\Alterity.csproj", "{87401063-54E4-43B0-9FEF-955D9FF13E2A}"
EndProject
Project("{FAE04EC0-301F-11D3-BF4B-00C04F79EFBC}") = "Alterity.Tests", "Alterity.Tests\Alterity.Tests.csproj", "{F22B4532-2E47-4972-A645-E61AADD55697}"
EndProject
Project("{FAE04EC0-301F-11D3-BF4B-00C04F79EFBC}") = "Doredis", "Doredis\Doredis.csproj", "{597AF2EC-E238-4A8F-A554-9CAB935728A6}"
EndProject
Project("{FAE04EC0-301F-11D3-BF4B-00C04F79EFBC}") = "Doredis.Tests", "Doredis.Tests\Doredis.Tests.csproj", "{77101B4D-707C-47C4-9546-AFDB8CF91B81}"
EndProject
Global
	GlobalSection(SolutionConfigurationPlatforms) = preSolution
		Debug|Any CPU = Debug|Any CPU
		Release|Any CPU = Release|Any CPU
	EndGlobalSection
	GlobalSection(ProjectConfigurationPlatforms) = postSolution
		{87401063-54E4-43B0-9FEF-955D9FF13E2A}.Debug|Any CPU.ActiveCfg = Debug|Any CPU
		{87401063-54E4-43B0-9FEF-955D9FF13E2A}.Debug|Any CPU.Build.0 = Debug|Any CPU
		{87401063-54E4-43B0-9FEF-955D9FF13E2A}.Release|Any CPU.ActiveCfg = Release|Any CPU
		{87401063-54E4-43B0-9FEF-955D9FF13E2A}.Release|Any CPU.Build.0 = Release|Any CPU
		{F22B4532-2E47-4972-A645-E61AADD55697}.Debug|Any CPU.ActiveCfg = Debug|Any CPU
		{F22B4532-2E47-4972-A645-E61AADD55697}.Debug|Any CPU.Build.0 = Debug|Any CPU
		{F22B4532-2E47-4972-A645-E61AADD55697}.Release|Any CPU.ActiveCfg = Release|Any CPU
		{F22B4532-2E47-4972-A645-E61AADD55697}.Release|Any CPU.Build.0 = Release|Any CPU
		{597AF2EC-E238-4A8F-A554-9CAB935728A6}.Debug|Any CPU.ActiveCfg = Debug|Any CPU
		{597AF2EC-E238-4A8F-A554-9CAB935728A6}.Debug|Any CPU.Build.0 = Debug|Any CPU
		{597AF2EC-E238-4A8F-A554-9CAB935728A6}.Release|Any CPU.ActiveCfg = Release|Any CPU
		{597AF2EC-E238-4A8F-A554-9CAB935728A6}.Release|Any CPU.Build.0 = Release|Any CPU
		{77101B4D-707C-47C4-9546-AFDB8CF91B81}.Debug|Any CPU.ActiveCfg = Debug|Any CPU
		{77101B4D-707C-47C4-9546-AFDB8CF91B81}.Debug|Any CPU.Build.0 = Debug|Any CPU
		{77101B4D-707C-47C4-9546-AFDB8CF91B81}.Release|Any CPU.ActiveCfg = Release|Any CPU
		{77101B4D-707C-47C4-9546-AFDB8CF91B81}.Release|Any CPU.Build.0 = Release|Any CPU
	EndGlobalSection
	GlobalSection(SolutionProperties) = preSolution
		HideSolutionNode = FALSE
	EndGlobalSection
EndGlobal
