
Microsoft Visual Studio Solution File, Format Version 11.00
# Visual Studio 2010
Project("{FAE04EC0-301F-11D3-BF4B-00C04F79EFBC}") = "Diff", "Diff\Diff.csproj", "{17ACA8F4-FFE0-4C21-B3AE-8D48BBCABD9C}"
EndProject
Project("{2150E333-8FDC-42A3-9474-1A3956D46DE8}") = "Solution Items", "Solution Items", "{7ECEABAC-6E7D-4098-9C4B-DD3A32C3C667}"
	ProjectSection(SolutionItems) = preProject
		Alterity.vsmdi = Alterity.vsmdi
		Local.testsettings = Local.testsettings
		TraceAndTestImpact.testsettings = TraceAndTestImpact.testsettings
	EndProjectSection
EndProject
Global
	GlobalSection(TestCaseManagementSettings) = postSolution
		CategoryFile = Alterity.vsmdi
	EndGlobalSection
	GlobalSection(SolutionConfigurationPlatforms) = preSolution
		Debug|Any CPU = Debug|Any CPU
		Debug|Mixed Platforms = Debug|Mixed Platforms
		Debug|x86 = Debug|x86
		Release|Any CPU = Release|Any CPU
		Release|Mixed Platforms = Release|Mixed Platforms
		Release|x86 = Release|x86
	EndGlobalSection
	GlobalSection(ProjectConfigurationPlatforms) = postSolution
		{17ACA8F4-FFE0-4C21-B3AE-8D48BBCABD9C}.Debug|Any CPU.ActiveCfg = Debug|x86
		{17ACA8F4-FFE0-4C21-B3AE-8D48BBCABD9C}.Debug|Mixed Platforms.ActiveCfg = Debug|x86
		{17ACA8F4-FFE0-4C21-B3AE-8D48BBCABD9C}.Debug|Mixed Platforms.Build.0 = Debug|x86
		{17ACA8F4-FFE0-4C21-B3AE-8D48BBCABD9C}.Debug|x86.ActiveCfg = Debug|x86
		{17ACA8F4-FFE0-4C21-B3AE-8D48BBCABD9C}.Debug|x86.Build.0 = Debug|x86
		{17ACA8F4-FFE0-4C21-B3AE-8D48BBCABD9C}.Release|Any CPU.ActiveCfg = Release|x86
		{17ACA8F4-FFE0-4C21-B3AE-8D48BBCABD9C}.Release|Mixed Platforms.ActiveCfg = Release|x86
		{17ACA8F4-FFE0-4C21-B3AE-8D48BBCABD9C}.Release|Mixed Platforms.Build.0 = Release|x86
		{17ACA8F4-FFE0-4C21-B3AE-8D48BBCABD9C}.Release|x86.ActiveCfg = Release|x86
		{17ACA8F4-FFE0-4C21-B3AE-8D48BBCABD9C}.Release|x86.Build.0 = Release|x86
	EndGlobalSection
	GlobalSection(SolutionProperties) = preSolution
		HideSolutionNode = FALSE
	EndGlobalSection
EndGlobal
